
Microsoft Visual Studio Solution File, Format Version 12.00
# Visual Studio 2012
Project("{FAE04EC0-301F-11D3-BF4B-00C04F79EFBC}") = "SwiperNoSwiping.iOS", "SwiperNoSwiping.iOS\SwiperNoSwiping.iOS.csproj", "{7C4E8EEA-527D-4876-A327-1B099B57CC5F}"
EndProject
Global
	GlobalSection(SolutionConfigurationPlatforms) = preSolution
		Debug|iPhoneSimulator = Debug|iPhoneSimulator
		Release|iPhoneSimulator = Release|iPhoneSimulator
		Debug|iPhone = Debug|iPhone
		Release|iPhone = Release|iPhone
		Ad-Hoc|iPhone = Ad-Hoc|iPhone
		AppStore|iPhone = AppStore|iPhone
	EndGlobalSection
	GlobalSection(ProjectConfigurationPlatforms) = postSolution
		{7C4E8EEA-527D-4876-A327-1B099B57CC5F}.Ad-Hoc|iPhone.ActiveCfg = Ad-Hoc|iPhone
		{7C4E8EEA-527D-4876-A327-1B099B57CC5F}.Ad-Hoc|iPhone.Build.0 = Ad-Hoc|iPhone
		{7C4E8EEA-527D-4876-A327-1B099B57CC5F}.AppStore|iPhone.ActiveCfg = AppStore|iPhone
		{7C4E8EEA-527D-4876-A327-1B099B57CC5F}.AppStore|iPhone.Build.0 = AppStore|iPhone
		{7C4E8EEA-527D-4876-A327-1B099B57CC5F}.Debug|iPhone.ActiveCfg = Debug|iPhone
		{7C4E8EEA-527D-4876-A327-1B099B57CC5F}.Debug|iPhone.Build.0 = Debug|iPhone
		{7C4E8EEA-527D-4876-A327-1B099B57CC5F}.Debug|iPhoneSimulator.ActiveCfg = Debug|iPhoneSimulator
		{7C4E8EEA-527D-4876-A327-1B099B57CC5F}.Debug|iPhoneSimulator.Build.0 = Debug|iPhoneSimulator
		{7C4E8EEA-527D-4876-A327-1B099B57CC5F}.Release|iPhone.ActiveCfg = Release|iPhone
		{7C4E8EEA-527D-4876-A327-1B099B57CC5F}.Release|iPhone.Build.0 = Release|iPhone
		{7C4E8EEA-527D-4876-A327-1B099B57CC5F}.Release|iPhoneSimulator.ActiveCfg = Release|iPhoneSimulator
		{7C4E8EEA-527D-4876-A327-1B099B57CC5F}.Release|iPhoneSimulator.Build.0 = Release|iPhoneSimulator
	EndGlobalSection
	GlobalSection(MonoDevelopProperties) = preSolution
		StartupItem = SwiperNoSwiping.iOS\SwiperNoSwiping.iOS.csproj
	EndGlobalSection
EndGlobal
